# This file is automatically @generated by Poetry and should not be changed by hand.

[[package]]
name = "bottle"
version = "0.12.23"
description = "Fast and simple WSGI-framework for small web-applications."
category = "main"
optional = false
python-versions = "*"
files = [
    {file = "bottle-0.12.23-py3-none-any.whl", hash = "sha256:9f1c363257c590bd34db5fad4693a7f06ff4217e9ad18337451de69c25137127"},
    {file = "bottle-0.12.23.tar.gz", hash = "sha256:683de3aa399fb26e87b274dbcf70b1a651385d459131716387abdc3792e04167"},
]

[[package]]
name = "packaging"
version = "23.0"
description = "Core utilities for Python packages"
category = "main"
optional = false
python-versions = ">=3.7"
files = [
    {file = "packaging-23.0-py3-none-any.whl", hash = "sha256:714ac14496c3e68c99c29b00845f7a2b85f3bb6f1078fd9f72fd20f0570002b2"},
    {file = "packaging-23.0.tar.gz", hash = "sha256:b6ad297f8907de0fa2fe1ccbd26fdaf387f5f47c7275fedf8cce89f99446cf97"},
]

[[package]]
name = "proxy-tools"
version = "0.1.0"
description = "Proxy Implementation"
category = "main"
optional = false
python-versions = "*"
files = [
    {file = "proxy_tools-0.1.0.tar.gz", hash = "sha256:ccb3751f529c047e2d8a58440d86b205303cf0fe8146f784d1cbcd94f0a28010"},
]

[[package]]
name = "pycparser"
version = "2.21"
description = "C parser in Python"
category = "main"
optional = false
python-versions = ">=2.7, !=3.0.*, !=3.1.*, !=3.2.*, !=3.3.*"
files = [
    {file = "pycparser-2.21-py2.py3-none-any.whl", hash = "sha256:8ee45429555515e1f6b185e78100aea234072576aa43ab53aefcae078162fca9"},
    {file = "pycparser-2.21.tar.gz", hash = "sha256:e644fdec12f7872f86c58ff790da456218b10f863970249516d60a5eaca77206"},
]

[[package]]
name = "pyobjc-core"
version = "9.0.1"
description = "Python<->ObjC Interoperability Module"
category = "main"
optional = false
python-versions = ">=3.7"
files = [
    {file = "pyobjc-core-9.0.1.tar.gz", hash = "sha256:5ce1510bb0bdff527c597079a42b2e13a19b7592e76850be7960a2775b59c929"},
    {file = "pyobjc_core-9.0.1-cp310-cp310-macosx_10_9_universal2.whl", hash = "sha256:b614406d46175b1438a9596b664bf61952323116704d19bc1dea68052a0aad98"},
    {file = "pyobjc_core-9.0.1-cp311-cp311-macosx_10_9_universal2.whl", hash = "sha256:bd397e729f6271c694fb70df8f5d3d3c9b2f2b8ac02fbbdd1757ca96027b94bb"},
    {file = "pyobjc_core-9.0.1-cp37-cp37m-macosx_10_9_x86_64.whl", hash = "sha256:d919934eaa6d1cf1505ff447a5c2312be4c5651efcb694eb9f59e86f5bd25e6b"},
    {file = "pyobjc_core-9.0.1-cp38-cp38-macosx_10_9_x86_64.whl", hash = "sha256:67d67ca8b164f38ceacce28a18025845c3ec69613f3301935d4d2c4ceb22e3fd"},
    {file = "pyobjc_core-9.0.1-cp38-cp38-macosx_11_0_universal2.whl", hash = "sha256:39d11d71f6161ac0bd93cffc8ea210bb0178b56d16a7408bf74283d6ecfa7430"},
    {file = "pyobjc_core-9.0.1-cp39-cp39-macosx_10_9_universal2.whl", hash = "sha256:25be1c4d530e473ed98b15063b8d6844f0733c98914de6f09fe1f7652b772bbc"},
]

[[package]]
name = "pyobjc-framework-cocoa"
version = "9.0.1"
description = "Wrappers for the Cocoa frameworks on macOS"
category = "main"
optional = false
python-versions = ">=3.7"
files = [
    {file = "pyobjc-framework-Cocoa-9.0.1.tar.gz", hash = "sha256:a8b53b3426f94307a58e2f8214dc1094c19afa9dcb96f21be12f937d968b2df3"},
    {file = "pyobjc_framework_Cocoa-9.0.1-cp310-cp310-macosx_10_9_universal2.whl", hash = "sha256:5f94b0f92a62b781e633e58f09bcaded63d612f9b1e15202f5f372ea59e4aebd"},
    {file = "pyobjc_framework_Cocoa-9.0.1-cp311-cp311-macosx_10_9_universal2.whl", hash = "sha256:f062c3bb5cc89902e6d164aa9a66ffc03638645dd5f0468b6f525ac997c86e51"},
    {file = "pyobjc_framework_Cocoa-9.0.1-cp37-cp37m-macosx_10_9_x86_64.whl", hash = "sha256:0b374c0a9d32ba4fc5610ab2741cb05a005f1dfb82a47dbf2dbb2b3a34b73ce5"},
    {file = "pyobjc_framework_Cocoa-9.0.1-cp38-cp38-macosx_10_9_x86_64.whl", hash = "sha256:8928080cebbce91ac139e460d3dfc94c7cb6935be032dcae9c0a51b247f9c2d9"},
    {file = "pyobjc_framework_Cocoa-9.0.1-cp38-cp38-macosx_11_0_universal2.whl", hash = "sha256:9d2bd86a0a98d906f762f5dc59f2fc67cce32ae9633b02ff59ac8c8a33dd862d"},
    {file = "pyobjc_framework_Cocoa-9.0.1-cp39-cp39-macosx_10_9_universal2.whl", hash = "sha256:2a41053cbcee30e1e8914efa749c50b70bf782527d5938f2bc2a6393740969ce"},
]

[package.dependencies]
pyobjc-core = ">=9.0.1"

[[package]]
name = "pyobjc-framework-webkit"
version = "9.0.1"
description = "Wrappers for the framework WebKit on macOS"
category = "main"
optional = false
python-versions = ">=3.7"
files = [
    {file = "pyobjc-framework-WebKit-9.0.1.tar.gz", hash = "sha256:82ed0cb273012b48f7489072d6e00579f42d54bc4543471c262db3e5c4bb9e87"},
    {file = "pyobjc_framework_WebKit-9.0.1-cp36-abi3-macosx_10_9_universal2.whl", hash = "sha256:037082f72fa1f1d87889fdc172726c3381769de24ca5207d596f3925df9b25f0"},
    {file = "pyobjc_framework_WebKit-9.0.1-cp36-abi3-macosx_10_9_x86_64.whl", hash = "sha256:952685b820545036833ed737600d32c344916a83b2af4e04acb4b618aaac9431"},
    {file = "pyobjc_framework_WebKit-9.0.1-cp36-abi3-macosx_11_0_universal2.whl", hash = "sha256:28a7859401b5af7c47e17612b4b3baca6669e76f974f6f6bfe5e93921a00adec"},
]

[package.dependencies]
pyobjc-core = ">=9.0.1"
pyobjc-framework-Cocoa = ">=9.0.1"

[[package]]
name = "pythonnet"
version = "2.5.2"
description = ".Net and Mono integration for Python"
category = "main"
optional = false
python-versions = "*"
files = [
    {file = "pythonnet-2.5.2-cp27-cp27m-win32.whl", hash = "sha256:d519bbc7b1cd3999651efc594d91cb67c46d1d8466dad3d83b578102e58d05bd"},
    {file = "pythonnet-2.5.2-cp27-cp27m-win_amd64.whl", hash = "sha256:c02f53d0e61b202cddf3198fac9553d5b4ee0ea0cc4fe658c2ed69ab24def276"},
    {file = "pythonnet-2.5.2-cp35-cp35m-win32.whl", hash = "sha256:840bdef89b378663d73f74f18895b6d8630d1f5671457a1db5ffb68179d85582"},
    {file = "pythonnet-2.5.2-cp35-cp35m-win_amd64.whl", hash = "sha256:d8e5b27de1e2cfb69b88782ac5cdf605b1a73598a85d86570e46961126628dbb"},
    {file = "pythonnet-2.5.2-cp36-cp36m-win32.whl", hash = "sha256:62645c29840c4a877d66e047f3e065b2e5a1a66431a99bce8d42a5af3a093ee1"},
    {file = "pythonnet-2.5.2-cp36-cp36m-win_amd64.whl", hash = "sha256:058e536062d1585d07ec5f2cf16aefcfc8eb8179faa90e5db0063d358469d025"},
    {file = "pythonnet-2.5.2-cp37-cp37m-win32.whl", hash = "sha256:cc77fc63e2afb0a80199ab44ced4fdfb78c19d8030063c345c80740d15380dd9"},
    {file = "pythonnet-2.5.2-cp37-cp37m-win_amd64.whl", hash = "sha256:80c8f5c9bd10440a73eb6aedbbacb2f3dd7701b474816f5ef7636f529d838d38"},
    {file = "pythonnet-2.5.2-cp38-cp38-win32.whl", hash = "sha256:41a607b7304e9efc6d4d8db438d6018a17c6637e8b8998848ff5c2a7a1b4687c"},
    {file = "pythonnet-2.5.2-cp38-cp38-win_amd64.whl", hash = "sha256:00a4fed9fc05b4efbe8947c79dc0799cffbca4c89e3e068e70b6618f20c906f2"},
    {file = "pythonnet-2.5.2.tar.gz", hash = "sha256:b7287480a1f6ae4b6fc80d775446d8af00e051ca1646b6cc3d32c5d3a461ede3"},
]

[package.dependencies]
pycparser = "*"

[[package]]
name = "pywebview"
version = "4.0.1"
description = "Build GUI for your Python program with JavaScript, HTML, and CSS."
category = "main"
optional = false
python-versions = "*"
files = [
    {file = "pywebview-4.0.1-py3-none-any.whl", hash = "sha256:68c55e8e276315ec5c937f8a37727ef66a7a9d766f0b33add47905ccd3f732eb"},
    {file = "pywebview-4.0.1.tar.gz", hash = "sha256:26ddcb4b8ed95a0524130ae148d634bd562bd9ada6b24b59dda6b7440f19fcf2"},
]

[package.dependencies]
bottle = "*"
proxy-tools = "*"
pyobjc-core = {version = "*", markers = "sys_platform == \"darwin\""}
pyobjc-framework-Cocoa = {version = "*", markers = "sys_platform == \"darwin\""}
pyobjc-framework-WebKit = {version = "*", markers = "sys_platform == \"darwin\""}
pythonnet = {version = "*", markers = "sys_platform == \"win32\""}
QtPy = {version = "*", markers = "sys_platform == \"openbsd6\""}

[package.extras]
cef = ["cefpython3"]
gtk = ["PyGObject"]
pyside2 = ["PySide2", "QtPy"]
pyside6 = ["PySide6", "QtPy"]
qt = ["PyQt5", "QtPy", "pyqtwebengine"]

[[package]]
name = "qtpy"
version = "2.3.0"
description = "Provides an abstraction layer on top of the various Qt bindings (PyQt5/6 and PySide2/6)."
category = "main"
optional = false
python-versions = ">=3.7"
files = [
    {file = "QtPy-2.3.0-py3-none-any.whl", hash = "sha256:8d6d544fc20facd27360ea189592e6135c614785f0dec0b4f083289de6beb408"},
    {file = "QtPy-2.3.0.tar.gz", hash = "sha256:0603c9c83ccc035a4717a12908bf6bc6cb22509827ea2ec0e94c2da7c9ed57c5"},
]

[package.dependencies]
packaging = "*"

[package.extras]
test = ["pytest (>=6,!=7.0.0,!=7.0.1)", "pytest-cov (>=3.0.0)", "pytest-qt"]

[metadata]
lock-version = "2.0"
python-versions = "^3.8"
content-hash = "b9abaea3bd50adb057eee8e7c7d03344e1f28b807aaabe9791c5b30494bf8f2d"
